
Microsoft Visual Studio Solution File, Format Version 12.00
# Visual Studio 15
VisualStudioVersion = 15.0.26228.4
MinimumVisualStudioVersion = 10.0.40219.1
Project("{9A19103F-16F7-4668-BE54-9A1E7A4F7556}") = "NgCmsApi", "NgCmsApi\NgCmsApi.csproj", "{B7854072-B02D-43E8-9270-0416B5B0445B}"
EndProject
Project("{9A19103F-16F7-4668-BE54-9A1E7A4F7556}") = "NgCmsBackend", "NgCmsBackend\NgCmsBackend.csproj", "{0279EC01-ADB8-4B0E-BF32-14C2DA4ED2B3}"
EndProject
Project("{9A19103F-16F7-4668-BE54-9A1E7A4F7556}") = "NgCmsWeb", "NgCmsWeb\NgCmsWeb.csproj", "{2AD701B7-E059-4229-9B28-5257F1AC379D}"
EndProject
Global
	GlobalSection(SolutionConfigurationPlatforms) = preSolution
		Debug|Any CPU = Debug|Any CPU
		Release|Any CPU = Release|Any CPU
	EndGlobalSection
	GlobalSection(ProjectConfigurationPlatforms) = postSolution
		{B7854072-B02D-43E8-9270-0416B5B0445B}.Debug|Any CPU.ActiveCfg = Debug|Any CPU
		{B7854072-B02D-43E8-9270-0416B5B0445B}.Debug|Any CPU.Build.0 = Debug|Any CPU
		{B7854072-B02D-43E8-9270-0416B5B0445B}.Release|Any CPU.ActiveCfg = Release|Any CPU
		{B7854072-B02D-43E8-9270-0416B5B0445B}.Release|Any CPU.Build.0 = Release|Any CPU
		{0279EC01-ADB8-4B0E-BF32-14C2DA4ED2B3}.Debug|Any CPU.ActiveCfg = Debug|Any CPU
		{0279EC01-ADB8-4B0E-BF32-14C2DA4ED2B3}.Debug|Any CPU.Build.0 = Debug|Any CPU
		{0279EC01-ADB8-4B0E-BF32-14C2DA4ED2B3}.Release|Any CPU.ActiveCfg = Release|Any CPU
		{0279EC01-ADB8-4B0E-BF32-14C2DA4ED2B3}.Release|Any CPU.Build.0 = Release|Any CPU
		{2AD701B7-E059-4229-9B28-5257F1AC379D}.Debug|Any CPU.ActiveCfg = Debug|Any CPU
		{2AD701B7-E059-4229-9B28-5257F1AC379D}.Release|Any CPU.ActiveCfg = Release|Any CPU
		{2AD701B7-E059-4229-9B28-5257F1AC379D}.Release|Any CPU.Build.0 = Release|Any CPU
	EndGlobalSection
	GlobalSection(SolutionProperties) = preSolution
		HideSolutionNode = FALSE
	EndGlobalSection
EndGlobal
